{
    "_readme": [
        "This file locks the dependencies of your project to a known state",
        "Read more about it at https://getcomposer.org/doc/01-basic-usage.md#installing-dependencies",
        "This file is @generated automatically"
    ],
    "content-hash": "60a7e4e6b6eeb3ac771a82a5c718dd36",
    "packages": [
        {
            "name": "bprollinson/bolognese-controller-api",
            "version": "dev-master",
            "source": {
                "type": "git",
                "url": "https://github.com/bprollinson/bolognese-controller-api.git",
                "reference": "21db64d77f980db900ce6b43c11b9748f7f1ab43"
            },
            "dist": {
                "type": "zip",
                "url": "https://api.github.com/repos/bprollinson/bolognese-controller-api/zipball/21db64d77f980db900ce6b43c11b9748f7f1ab43",
                "reference": "21db64d77f980db900ce6b43c11b9748f7f1ab43",
                "shasum": ""
            },
            "default-branch": true,
            "type": "library",
            "support": {
                "source": "https://github.com/bprollinson/bolognese-controller-api/tree/master",
                "issues": "https://github.com/bprollinson/bolognese-controller-api/issues"
            },
            "time": "2021-07-02T19:29:32+00:00"
        },
        {
            "name": "bprollinson/bolognese-database-client-api",
            "version": "dev-master",
            "source": {
                "type": "git",
                "url": "https://github.com/bprollinson/bolognese-database-client-api.git",
                "reference": "30f1e12e73d85199ce269cc1fd9050a30781bbed"
            },
            "dist": {
                "type": "zip",
                "url": "https://api.github.com/repos/bprollinson/bolognese-database-client-api/zipball/30f1e12e73d85199ce269cc1fd9050a30781bbed",
                "reference": "30f1e12e73d85199ce269cc1fd9050a30781bbed",
                "shasum": ""
            },
            "default-branch": true,
            "type": "library",
            "support": {
                "source": "https://github.com/bprollinson/bolognese-database-client-api/tree/master",
                "issues": "https://github.com/bprollinson/bolognese-database-client-api/issues"
            },
            "time": "2021-07-02T22:18:03+00:00"
        },
        {
            "name": "bprollinson/bolognese-socket-client",
            "version": "dev-master",
            "source": {
                "type": "git",
                "url": "https://github.com/bprollinson/bolognese-socket-client.git",
                "reference": "9224028802ae68a980c4f0f8b992f39e6125a0ca"
            },
            "dist": {
                "type": "zip",
                "url": "https://api.github.com/repos/bprollinson/bolognese-socket-client/zipball/9224028802ae68a980c4f0f8b992f39e6125a0ca",
                "reference": "9224028802ae68a980c4f0f8b992f39e6125a0ca",
                "shasum": ""
            },
            "default-branch": true,
            "type": "library",
            "support": {
                "source": "https://github.com/bprollinson/bolognese-socket-client/tree/master",
                "issues": "https://github.com/bprollinson/bolognese-socket-client/issues"
            },
            "time": "2021-06-28T18:00:07+00:00"
        },
        {
            "name": "bprollinson/bolognese-socket-server",
            "version": "dev-master",
            "source": {
                "type": "git",
                "url": "https://github.com/bprollinson/bolognese-socket-server.git",
                "reference": "6e7ebd0ec64138422f210f99e7884cb5d1828566"
            },
            "dist": {
                "type": "zip",
                "url": "https://api.github.com/repos/bprollinson/bolognese-socket-server/zipball/6e7ebd0ec64138422f210f99e7884cb5d1828566",
                "reference": "6e7ebd0ec64138422f210f99e7884cb5d1828566",
                "shasum": ""
            },
            "default-branch": true,
            "type": "library",
            "support": {
                "source": "https://github.com/bprollinson/bolognese-socket-server/tree/master",
                "issues": "https://github.com/bprollinson/bolognese-socket-server/issues"
            },
            "time": "2021-07-02T14:18:48+00:00"
        }
    ],
    "packages-dev": [],
    "aliases": [],
    "minimum-stability": "stable",
    "stability-flags": {
        "bprollinson/bolognese-socket-client": 20,
        "bprollinson/bolognese-socket-server": 20,
        "bprollinson/bolognese-controller-api": 20,
        "bprollinson/bolognese-database-client-api": 20
    },
    "prefer-stable": false,
    "prefer-lowest": false,
    "platform": [],
    "platform-dev": [],
    "plugin-api-version": "2.1.0"
}
