{
    "_readme": [
        "This file locks the dependencies of your project to a known state",
        "Read more about it at https://getcomposer.org/doc/01-basic-usage.md#installing-dependencies",
        "This file is @generated automatically"
    ],
    "content-hash": "012e84fcf712c78b97f574e05e7b8ec4",
    "packages": [
        {
            "name": "bprollinson/bolognese-controller-api",
            "version": "dev-master",
            "source": {
                "type": "git",
                "url": "https://github.com/bprollinson/bolognese-controller-api.git",
                "reference": "3e06537f58c58abcad7243e5964048df342d2794"
            },
            "dist": {
                "type": "zip",
                "url": "https://api.github.com/repos/bprollinson/bolognese-controller-api/zipball/3e06537f58c58abcad7243e5964048df342d2794",
                "reference": "3e06537f58c58abcad7243e5964048df342d2794",
                "shasum": ""
            },
            "default-branch": true,
            "type": "library",
            "support": {
                "source": "https://github.com/bprollinson/bolognese-controller-api/tree/master",
                "issues": "https://github.com/bprollinson/bolognese-controller-api/issues"
            },
            "time": "2021-06-29T12:40:05+00:00"
        },
        {
            "name": "bprollinson/bolognese-response-formatter-api",
            "version": "dev-master",
            "source": {
                "type": "git",
                "url": "https://github.com/bprollinson/bolognese-response-formatter-api.git",
                "reference": "101d37350568a709435630c1b9e8be05db2a8914"
            },
            "dist": {
                "type": "zip",
                "url": "https://api.github.com/repos/bprollinson/bolognese-response-formatter-api/zipball/101d37350568a709435630c1b9e8be05db2a8914",
                "reference": "101d37350568a709435630c1b9e8be05db2a8914",
                "shasum": ""
            },
            "default-branch": true,
            "type": "library",
            "support": {
                "source": "https://github.com/bprollinson/bolognese-response-formatter-api/tree/master",
                "issues": "https://github.com/bprollinson/bolognese-response-formatter-api/issues"
            },
            "time": "2021-07-01T00:25:42+00:00"
        },
        {
            "name": "bprollinson/bolognese-socket-server",
            "version": "dev-master",
            "source": {
                "type": "git",
                "url": "https://github.com/bprollinson/bolognese-socket-server.git",
                "reference": "21f9b16068c4c178c88854b0196645b28006722d"
            },
            "dist": {
                "type": "zip",
                "url": "https://api.github.com/repos/bprollinson/bolognese-socket-server/zipball/21f9b16068c4c178c88854b0196645b28006722d",
                "reference": "21f9b16068c4c178c88854b0196645b28006722d",
                "shasum": ""
            },
            "default-branch": true,
            "type": "library",
            "support": {
                "source": "https://github.com/bprollinson/bolognese-socket-server/tree/master",
                "issues": "https://github.com/bprollinson/bolognese-socket-server/issues"
            },
            "time": "2021-06-29T02:05:24+00:00"
        }
    ],
    "packages-dev": [],
    "aliases": [],
    "minimum-stability": "stable",
    "stability-flags": {
        "bprollinson/bolognese-socket-server": 20,
        "bprollinson/bolognese-controller-api": 20,
        "bprollinson/bolognese-response-formatter-api": 20
    },
    "prefer-stable": false,
    "prefer-lowest": false,
    "platform": [],
    "platform-dev": [],
    "plugin-api-version": "2.1.0"
}
