{
    "_readme": [
        "This file locks the dependencies of your project to a known state",
        "Read more about it at https://getcomposer.org/doc/01-basic-usage.md#installing-dependencies",
        "This file is @generated automatically"
    ],
    "content-hash": "032d0c0aac86dfb5659224b7557d27be",
    "packages": [
        {
            "name": "bprollinson/bolognese-database-client-api",
            "version": "dev-master",
            "source": {
                "type": "git",
                "url": "https://github.com/bprollinson/bolognese-database-client-api.git",
                "reference": "7bd6b72a4643ad6905965e32e807ff2def69f7d5"
            },
            "dist": {
                "type": "zip",
                "url": "https://api.github.com/repos/bprollinson/bolognese-database-client-api/zipball/7bd6b72a4643ad6905965e32e807ff2def69f7d5",
                "reference": "7bd6b72a4643ad6905965e32e807ff2def69f7d5",
                "shasum": ""
            },
            "default-branch": true,
            "type": "library",
            "support": {
                "source": "https://github.com/bprollinson/bolognese-database-client-api/tree/master",
                "issues": "https://github.com/bprollinson/bolognese-database-client-api/issues"
            },
            "time": "2021-07-02T03:07:37+00:00"
        },
        {
            "name": "bprollinson/bolognese-database-client-lib",
            "version": "dev-master",
            "source": {
                "type": "git",
                "url": "https://github.com/bprollinson/bolognese-database-client-lib.git",
                "reference": "6eabfa3cec7e5393a4f4e84f62f3ad5f42776f58"
            },
            "dist": {
                "type": "zip",
                "url": "https://api.github.com/repos/bprollinson/bolognese-database-client-lib/zipball/6eabfa3cec7e5393a4f4e84f62f3ad5f42776f58",
                "reference": "6eabfa3cec7e5393a4f4e84f62f3ad5f42776f58",
                "shasum": ""
            },
            "default-branch": true,
            "type": "library",
            "support": {
                "source": "https://github.com/bprollinson/bolognese-database-client-lib/tree/master",
                "issues": "https://github.com/bprollinson/bolognese-database-client-lib/issues"
            },
            "time": "2021-07-02T14:37:52+00:00"
        },
        {
            "name": "bprollinson/bolognese-socket-server",
            "version": "dev-master",
            "source": {
                "type": "git",
                "url": "https://github.com/bprollinson/bolognese-socket-server.git",
                "reference": "6e7ebd0ec64138422f210f99e7884cb5d1828566"
            },
            "dist": {
                "type": "zip",
                "url": "https://api.github.com/repos/bprollinson/bolognese-socket-server/zipball/6e7ebd0ec64138422f210f99e7884cb5d1828566",
                "reference": "6e7ebd0ec64138422f210f99e7884cb5d1828566",
                "shasum": ""
            },
            "default-branch": true,
            "type": "library",
            "support": {
                "source": "https://github.com/bprollinson/bolognese-socket-server/tree/master",
                "issues": "https://github.com/bprollinson/bolognese-socket-server/issues"
            },
            "time": "2021-07-02T14:18:48+00:00"
        }
    ],
    "packages-dev": [],
    "aliases": [],
    "minimum-stability": "stable",
    "stability-flags": {
        "bprollinson/bolognese-socket-server": 20,
        "bprollinson/bolognese-database-client-api": 20,
        "bprollinson/bolognese-database-client-lib": 20
    },
    "prefer-stable": false,
    "prefer-lowest": false,
    "platform": [],
    "platform-dev": [],
    "plugin-api-version": "2.1.0"
}
