{
    "_readme": [
        "This file locks the dependencies of your project to a known state",
        "Read more about it at https://getcomposer.org/doc/01-basic-usage.md#installing-dependencies",
        "This file is @generated automatically"
    ],
    "content-hash": "50a712e97590e92cddef545f7f08c689",
    "packages": [
        {
            "name": "bprollinson/bolognese-database-client-api",
            "version": "dev-master",
            "source": {
                "type": "git",
                "url": "https://github.com/bprollinson/bolognese-database-client-api.git",
                "reference": "30f1e12e73d85199ce269cc1fd9050a30781bbed"
            },
            "dist": {
                "type": "zip",
                "url": "https://api.github.com/repos/bprollinson/bolognese-database-client-api/zipball/30f1e12e73d85199ce269cc1fd9050a30781bbed",
                "reference": "30f1e12e73d85199ce269cc1fd9050a30781bbed",
                "shasum": ""
            },
            "default-branch": true,
            "type": "library",
            "support": {
                "source": "https://github.com/bprollinson/bolognese-database-client-api/tree/master",
                "issues": "https://github.com/bprollinson/bolognese-database-client-api/issues"
            },
            "time": "2021-07-02T22:18:03+00:00"
        },
        {
            "name": "bprollinson/bolognese-database-client-lib",
            "version": "dev-master",
            "source": {
                "type": "git",
                "url": "https://github.com/bprollinson/bolognese-database-client-lib.git",
                "reference": "fa6ff77a092e1edaf0a3c9d394342f43e8cdf7ac"
            },
            "dist": {
                "type": "zip",
                "url": "https://api.github.com/repos/bprollinson/bolognese-database-client-lib/zipball/fa6ff77a092e1edaf0a3c9d394342f43e8cdf7ac",
                "reference": "fa6ff77a092e1edaf0a3c9d394342f43e8cdf7ac",
                "shasum": ""
            },
            "require": {
                "bprollinson/bolognese-database-client-api": "dev-master"
            },
            "default-branch": true,
            "type": "library",
            "support": {
                "source": "https://github.com/bprollinson/bolognese-database-client-lib/tree/master",
                "issues": "https://github.com/bprollinson/bolognese-database-client-lib/issues"
            },
            "time": "2021-07-05T01:36:38+00:00"
        },
        {
            "name": "bprollinson/bolognese-socket-server",
            "version": "dev-master",
            "source": {
                "type": "git",
                "url": "https://github.com/bprollinson/bolognese-socket-server.git",
                "reference": "6e7ebd0ec64138422f210f99e7884cb5d1828566"
            },
            "dist": {
                "type": "zip",
                "url": "https://api.github.com/repos/bprollinson/bolognese-socket-server/zipball/6e7ebd0ec64138422f210f99e7884cb5d1828566",
                "reference": "6e7ebd0ec64138422f210f99e7884cb5d1828566",
                "shasum": ""
            },
            "default-branch": true,
            "type": "library",
            "support": {
                "source": "https://github.com/bprollinson/bolognese-socket-server/tree/master",
                "issues": "https://github.com/bprollinson/bolognese-socket-server/issues"
            },
            "time": "2021-07-02T14:18:48+00:00"
        }
    ],
    "packages-dev": [],
    "aliases": [],
    "minimum-stability": "dev",
    "stability-flags": {
        "bprollinson/bolognese-socket-server": 20,
        "bprollinson/bolognese-database-client-lib": 20
    },
    "prefer-stable": false,
    "prefer-lowest": false,
    "platform": [],
    "platform-dev": [],
    "plugin-api-version": "2.1.0"
}
